
Microsoft Visual Studio Solution File, Format Version 12.00
# Visual Studio 15
VisualStudioVersion = 15.0.28307.902
MinimumVisualStudioVersion = 10.0.40219.1
Project("{FAE04EC0-301F-11D3-BF4B-00C04F79EFBC}") = "DutchTreat", "DutchTreat\DutchTreat.csproj", "{7AE8EFB5-4A54-4E4C-8CFD-13A5B6093AE9}"
EndProject
Project("{9A19103F-16F7-4668-BE54-9A1E7A4F7556}") = "HelloWorld", "..\HelloWorld\HelloWorld.csproj", "{BE40D055-A75A-4864-A8A1-8DA8F09EC786}"
EndProject
Global
	GlobalSection(SolutionConfigurationPlatforms) = preSolution
		Debug|Any CPU = Debug|Any CPU
		Release|Any CPU = Release|Any CPU
	EndGlobalSection
	GlobalSection(ProjectConfigurationPlatforms) = postSolution
		{7AE8EFB5-4A54-4E4C-8CFD-13A5B6093AE9}.Debug|Any CPU.ActiveCfg = Debug|Any CPU
		{7AE8EFB5-4A54-4E4C-8CFD-13A5B6093AE9}.Debug|Any CPU.Build.0 = Debug|Any CPU
		{7AE8EFB5-4A54-4E4C-8CFD-13A5B6093AE9}.Release|Any CPU.ActiveCfg = Release|Any CPU
		{7AE8EFB5-4A54-4E4C-8CFD-13A5B6093AE9}.Release|Any CPU.Build.0 = Release|Any CPU
		{BE40D055-A75A-4864-A8A1-8DA8F09EC786}.Debug|Any CPU.ActiveCfg = Debug|Any CPU
		{BE40D055-A75A-4864-A8A1-8DA8F09EC786}.Debug|Any CPU.Build.0 = Debug|Any CPU
		{BE40D055-A75A-4864-A8A1-8DA8F09EC786}.Release|Any CPU.ActiveCfg = Release|Any CPU
		{BE40D055-A75A-4864-A8A1-8DA8F09EC786}.Release|Any CPU.Build.0 = Release|Any CPU
	EndGlobalSection
	GlobalSection(SolutionProperties) = preSolution
		HideSolutionNode = FALSE
	EndGlobalSection
	GlobalSection(ExtensibilityGlobals) = postSolution
		SolutionGuid = {23FE2361-2E8A-49DB-AAE5-7BE4157F7F6C}
	EndGlobalSection
EndGlobal
